
Microsoft Visual Studio Solution File, Format Version 12.00
# Visual Studio Version 17
VisualStudioVersion = 17.6.33801.468
MinimumVisualStudioVersion = 10.0.40219.1
Project("{FAE04EC0-301F-11D3-BF4B-00C04F79EFBC}") = "OntoApi", "OntoApi\OntoApi.csproj", "{62B2A4CE-6BA5-4C1A-AF39-95369CC40916}"
EndProject
Project("{54A90642-561A-4BB1-A94E-469ADEE60C69}") = "ontoclient", "ontoclient\ontoclient.esproj", "{3ED4F4FF-AB30-4C9C-8B17-4D7D2D12D3D2}"
EndProject
Global
	GlobalSection(SolutionConfigurationPlatforms) = preSolution
		Debug|Any CPU = Debug|Any CPU
		Release|Any CPU = Release|Any CPU
	EndGlobalSection
	GlobalSection(ProjectConfigurationPlatforms) = postSolution
		{62B2A4CE-6BA5-4C1A-AF39-95369CC40916}.Debug|Any CPU.ActiveCfg = Debug|Any CPU
		{62B2A4CE-6BA5-4C1A-AF39-95369CC40916}.Debug|Any CPU.Build.0 = Debug|Any CPU
		{62B2A4CE-6BA5-4C1A-AF39-95369CC40916}.Release|Any CPU.ActiveCfg = Release|Any CPU
		{62B2A4CE-6BA5-4C1A-AF39-95369CC40916}.Release|Any CPU.Build.0 = Release|Any CPU
		{3ED4F4FF-AB30-4C9C-8B17-4D7D2D12D3D2}.Debug|Any CPU.ActiveCfg = Debug|Any CPU
		{3ED4F4FF-AB30-4C9C-8B17-4D7D2D12D3D2}.Debug|Any CPU.Build.0 = Debug|Any CPU
		{3ED4F4FF-AB30-4C9C-8B17-4D7D2D12D3D2}.Debug|Any CPU.Deploy.0 = Debug|Any CPU
		{3ED4F4FF-AB30-4C9C-8B17-4D7D2D12D3D2}.Release|Any CPU.ActiveCfg = Release|Any CPU
		{3ED4F4FF-AB30-4C9C-8B17-4D7D2D12D3D2}.Release|Any CPU.Build.0 = Release|Any CPU
		{3ED4F4FF-AB30-4C9C-8B17-4D7D2D12D3D2}.Release|Any CPU.Deploy.0 = Release|Any CPU
	EndGlobalSection
	GlobalSection(SolutionProperties) = preSolution
		HideSolutionNode = FALSE
	EndGlobalSection
	GlobalSection(ExtensibilityGlobals) = postSolution
		SolutionGuid = {DD5E1AC5-CA4F-4D43-B210-5DD6C43A2026}
	EndGlobalSection
EndGlobal
